
Microsoft Visual Studio Solution File, Format Version 12.00
# Visual Studio Version 17
VisualStudioVersion = 17.2.32526.322
MinimumVisualStudioVersion = 10.0.40219.1
Project("{9A19103F-16F7-4668-BE54-9A1E7A4F7556}") = "OpenBooks", "OpenBooks\OpenBooks.csproj", "{6B19A697-FB56-4347-8979-8DD623ABF642}"
EndProject
Project("{FAE04EC0-301F-11D3-BF4B-00C04F79EFBC}") = "OpenBooks.Tests", "OpenBooks.Tests\OpenBooks.Tests.csproj", "{090F18A2-9260-4C3E-A2E9-05B9988927A2}"
EndProject
Global
	GlobalSection(SolutionConfigurationPlatforms) = preSolution
		Debug|Any CPU = Debug|Any CPU
		Release|Any CPU = Release|Any CPU
	EndGlobalSection
	GlobalSection(ProjectConfigurationPlatforms) = postSolution
		{6B19A697-FB56-4347-8979-8DD623ABF642}.Debug|Any CPU.ActiveCfg = Debug|Any CPU
		{6B19A697-FB56-4347-8979-8DD623ABF642}.Debug|Any CPU.Build.0 = Debug|Any CPU
		{6B19A697-FB56-4347-8979-8DD623ABF642}.Release|Any CPU.ActiveCfg = Release|Any CPU
		{6B19A697-FB56-4347-8979-8DD623ABF642}.Release|Any CPU.Build.0 = Release|Any CPU
		{090F18A2-9260-4C3E-A2E9-05B9988927A2}.Debug|Any CPU.ActiveCfg = Debug|Any CPU
		{090F18A2-9260-4C3E-A2E9-05B9988927A2}.Debug|Any CPU.Build.0 = Debug|Any CPU
		{090F18A2-9260-4C3E-A2E9-05B9988927A2}.Release|Any CPU.ActiveCfg = Release|Any CPU
		{090F18A2-9260-4C3E-A2E9-05B9988927A2}.Release|Any CPU.Build.0 = Release|Any CPU
	EndGlobalSection
	GlobalSection(SolutionProperties) = preSolution
		HideSolutionNode = FALSE
	EndGlobalSection
	GlobalSection(ExtensibilityGlobals) = postSolution
		SolutionGuid = {237A86E3-6168-4033-86CE-E9C010E39351}
	EndGlobalSection
EndGlobal
